{
  "name": "ws2801-controller-by-post-requests",
  "version": "0.0.1",
  "lockfileVersion": 1,
  "requires": true,
  "dependencies": {
    "microtime": {
      "version": "3.1.1",
      "resolved": "https://registry.npmjs.org/microtime/-/microtime-3.1.1.tgz",
      "integrity": "sha512-to1r7o24cDsud9IhN6/8wGmMx5R2kT0w2Xwm5okbYI3d1dk6Xv0m+Z+jg2vS9pt+ocgQHTCtgs/YuyJhySzxNg==",
      "requires": {
        "node-addon-api": "^5.0.0",
        "node-gyp-build": "^4.4.0"
      }
    },
    "node-addon-api": {
      "version": "5.0.0",
      "resolved": "https://registry.npmjs.org/node-addon-api/-/node-addon-api-5.0.0.tgz",
      "integrity": "sha512-CvkDw2OEnme7ybCykJpVcKH+uAOLV2qLqiyla128dN9TkEWfrYmxG6C2boDe5KcNQqZF3orkqzGgOMvZ/JNekA=="
    },
    "node-gyp-build": {
      "version": "4.5.0",
      "resolved": "https://registry.npmjs.org/node-gyp-build/-/node-gyp-build-4.5.0.tgz",
      "integrity": "sha512-2iGbaQBV+ITgCz76ZEjmhUKAKVf7xfY1sRl4UiKQspfZMH2h06SyhNsnSVy50cwkFQDGLyif6m/6uFXHkOZ6rg=="
    },
    "rpi-ws2801": {
      "version": "0.0.4",
      "resolved": "https://registry.npmjs.org/rpi-ws2801/-/rpi-ws2801-0.0.4.tgz",
      "integrity": "sha512-qPvT+yjTZ4bLjJZuVmvloNoUFjAcwvcM6eFxISCG6cGXeE/cPSO63Vy5vk5rqNW0SS5/esYc1VegcaC0tKppGA==",
      "requires": {
        "microtime": "*"
      }
    },
    "uuid": {
      "version": "8.3.1",
      "resolved": "https://registry.npmjs.org/uuid/-/uuid-8.3.1.tgz",
      "integrity": "sha512-FOmRr+FmWEIG8uhZv6C2bTgEVXsHk08kE7mPlrBbEe+c3r9pjceVPgupIfNIhc4yx55H69OXANrUaSuu9eInKg=="
    }
  }
}
